
Microsoft Visual Studio Solution File, Format Version 12.00
# Visual Studio Version 16
VisualStudioVersion = 16.0.29326.143
MinimumVisualStudioVersion = 10.0.40219.1
Project("{9A19103F-16F7-4668-BE54-9A1E7A4F7556}") = "WeatherDesktopValidator", "WeatherDesktopValidator\WeatherDesktopValidator.csproj", "{4EA0D746-45B4-4EC1-A433-CA98A61F12B4}"
EndProject
Project("{9A19103F-16F7-4668-BE54-9A1E7A4F7556}") = "WeatherDesktopSharedCore", "ClassLibrary1\WeatherDesktopSharedCore.csproj", "{0A560E55-ABB4-4EEA-83AB-3A3B60643618}"
EndProject
Project("{FAE04EC0-301F-11D3-BF4B-00C04F79EFBC}") = "weatherValidate", "weatherValidate\weatherValidate.csproj", "{F7DA2703-823D-4C9F-A7A0-C9273874F17F}"
EndProject
Global
	GlobalSection(SolutionConfigurationPlatforms) = preSolution
		Debug|Any CPU = Debug|Any CPU
		Release|Any CPU = Release|Any CPU
	EndGlobalSection
	GlobalSection(ProjectConfigurationPlatforms) = postSolution
		{4EA0D746-45B4-4EC1-A433-CA98A61F12B4}.Debug|Any CPU.ActiveCfg = Debug|Any CPU
		{4EA0D746-45B4-4EC1-A433-CA98A61F12B4}.Debug|Any CPU.Build.0 = Debug|Any CPU
		{4EA0D746-45B4-4EC1-A433-CA98A61F12B4}.Release|Any CPU.ActiveCfg = Release|Any CPU
		{4EA0D746-45B4-4EC1-A433-CA98A61F12B4}.Release|Any CPU.Build.0 = Release|Any CPU
		{0A560E55-ABB4-4EEA-83AB-3A3B60643618}.Debug|Any CPU.ActiveCfg = Debug|Any CPU
		{0A560E55-ABB4-4EEA-83AB-3A3B60643618}.Debug|Any CPU.Build.0 = Debug|Any CPU
		{0A560E55-ABB4-4EEA-83AB-3A3B60643618}.Release|Any CPU.ActiveCfg = Release|Any CPU
		{0A560E55-ABB4-4EEA-83AB-3A3B60643618}.Release|Any CPU.Build.0 = Release|Any CPU
		{F7DA2703-823D-4C9F-A7A0-C9273874F17F}.Debug|Any CPU.ActiveCfg = Debug|Any CPU
		{F7DA2703-823D-4C9F-A7A0-C9273874F17F}.Debug|Any CPU.Build.0 = Debug|Any CPU
		{F7DA2703-823D-4C9F-A7A0-C9273874F17F}.Release|Any CPU.ActiveCfg = Release|Any CPU
		{F7DA2703-823D-4C9F-A7A0-C9273874F17F}.Release|Any CPU.Build.0 = Release|Any CPU
	EndGlobalSection
	GlobalSection(SolutionProperties) = preSolution
		HideSolutionNode = FALSE
	EndGlobalSection
	GlobalSection(ExtensibilityGlobals) = postSolution
		SolutionGuid = {B7AE2344-A4DB-414D-9130-57F7809EAF81}
	EndGlobalSection
EndGlobal
